
Microsoft Visual Studio Solution File, Format Version 12.00
# Visual Studio Version 17
VisualStudioVersion = 17.10.35027.167
MinimumVisualStudioVersion = 10.0.40219.1
Project("{2150E333-8FDC-42A3-9474-1A3956D46DE8}") = "Src", "Src", "{338747F9-AB73-4BA0-A1B2-7AA3397DE968}"
EndProject
Project("{2150E333-8FDC-42A3-9474-1A3956D46DE8}") = "Core", "Core", "{BCDDD1C5-53D3-4A3E-8ABF-31370EBA3D93}"
EndProject
Project("{2150E333-8FDC-42A3-9474-1A3956D46DE8}") = "Common", "Common", "{23B2345E-6438-44B2-8BBE-228656DF8D48}"
EndProject
Project("{2150E333-8FDC-42A3-9474-1A3956D46DE8}") = "Presentation", "Presentation", "{260D9D88-AF55-4040-82C6-E255FE48DCAB}"
EndProject
Project("{2150E333-8FDC-42A3-9474-1A3956D46DE8}") = "Infrastructure", "Infrastructure", "{4B541D65-29D2-4129-B4C2-28E88ED7BE6B}"
EndProject
Project("{FAE04EC0-301F-11D3-BF4B-00C04F79EFBC}") = "EV.Common", "EV.Common\EV.Common.csproj", "{0A5FE58A-8585-46A6-A1EC-35703A3511E4}"
EndProject
Project("{FAE04EC0-301F-11D3-BF4B-00C04F79EFBC}") = "EV.Application", "EV.Application\EV.Application.csproj", "{890D3B27-B5F4-4A3B-8EFB-41B5BC874553}"
EndProject
Project("{FAE04EC0-301F-11D3-BF4B-00C04F79EFBC}") = "EV.Domain", "EV.Domain\EV.Domain.csproj", "{9251E724-2147-40DC-BEFC-198AD0970D38}"
EndProject
Project("{FAE04EC0-301F-11D3-BF4B-00C04F79EFBC}") = "EV.Presistance", "EV.Presistance\EV.Presistance.csproj", "{75DBBF10-0DFC-434C-8A83-09A699EFBA92}"
EndProject
Project("{FAE04EC0-301F-11D3-BF4B-00C04F79EFBC}") = "EV.Web", "EV.Web\EV.Web.csproj", "{A1D3BD59-7871-440D-83BF-49254AE936BB}"
EndProject
Global
	GlobalSection(SolutionConfigurationPlatforms) = preSolution
		Debug|Any CPU = Debug|Any CPU
		Release|Any CPU = Release|Any CPU
	EndGlobalSection
	GlobalSection(ProjectConfigurationPlatforms) = postSolution
		{0A5FE58A-8585-46A6-A1EC-35703A3511E4}.Debug|Any CPU.ActiveCfg = Debug|Any CPU
		{0A5FE58A-8585-46A6-A1EC-35703A3511E4}.Debug|Any CPU.Build.0 = Debug|Any CPU
		{0A5FE58A-8585-46A6-A1EC-35703A3511E4}.Release|Any CPU.ActiveCfg = Release|Any CPU
		{0A5FE58A-8585-46A6-A1EC-35703A3511E4}.Release|Any CPU.Build.0 = Release|Any CPU
		{890D3B27-B5F4-4A3B-8EFB-41B5BC874553}.Debug|Any CPU.ActiveCfg = Debug|Any CPU
		{890D3B27-B5F4-4A3B-8EFB-41B5BC874553}.Debug|Any CPU.Build.0 = Debug|Any CPU
		{890D3B27-B5F4-4A3B-8EFB-41B5BC874553}.Release|Any CPU.ActiveCfg = Release|Any CPU
		{890D3B27-B5F4-4A3B-8EFB-41B5BC874553}.Release|Any CPU.Build.0 = Release|Any CPU
		{9251E724-2147-40DC-BEFC-198AD0970D38}.Debug|Any CPU.ActiveCfg = Debug|Any CPU
		{9251E724-2147-40DC-BEFC-198AD0970D38}.Debug|Any CPU.Build.0 = Debug|Any CPU
		{9251E724-2147-40DC-BEFC-198AD0970D38}.Release|Any CPU.ActiveCfg = Release|Any CPU
		{9251E724-2147-40DC-BEFC-198AD0970D38}.Release|Any CPU.Build.0 = Release|Any CPU
		{75DBBF10-0DFC-434C-8A83-09A699EFBA92}.Debug|Any CPU.ActiveCfg = Debug|Any CPU
		{75DBBF10-0DFC-434C-8A83-09A699EFBA92}.Debug|Any CPU.Build.0 = Debug|Any CPU
		{75DBBF10-0DFC-434C-8A83-09A699EFBA92}.Release|Any CPU.ActiveCfg = Release|Any CPU
		{75DBBF10-0DFC-434C-8A83-09A699EFBA92}.Release|Any CPU.Build.0 = Release|Any CPU
		{A1D3BD59-7871-440D-83BF-49254AE936BB}.Debug|Any CPU.ActiveCfg = Debug|Any CPU
		{A1D3BD59-7871-440D-83BF-49254AE936BB}.Debug|Any CPU.Build.0 = Debug|Any CPU
		{A1D3BD59-7871-440D-83BF-49254AE936BB}.Release|Any CPU.ActiveCfg = Release|Any CPU
		{A1D3BD59-7871-440D-83BF-49254AE936BB}.Release|Any CPU.Build.0 = Release|Any CPU
	EndGlobalSection
	GlobalSection(SolutionProperties) = preSolution
		HideSolutionNode = FALSE
	EndGlobalSection
	GlobalSection(NestedProjects) = preSolution
		{BCDDD1C5-53D3-4A3E-8ABF-31370EBA3D93} = {338747F9-AB73-4BA0-A1B2-7AA3397DE968}
		{23B2345E-6438-44B2-8BBE-228656DF8D48} = {338747F9-AB73-4BA0-A1B2-7AA3397DE968}
		{260D9D88-AF55-4040-82C6-E255FE48DCAB} = {338747F9-AB73-4BA0-A1B2-7AA3397DE968}
		{4B541D65-29D2-4129-B4C2-28E88ED7BE6B} = {338747F9-AB73-4BA0-A1B2-7AA3397DE968}
		{0A5FE58A-8585-46A6-A1EC-35703A3511E4} = {23B2345E-6438-44B2-8BBE-228656DF8D48}
		{890D3B27-B5F4-4A3B-8EFB-41B5BC874553} = {BCDDD1C5-53D3-4A3E-8ABF-31370EBA3D93}
		{9251E724-2147-40DC-BEFC-198AD0970D38} = {BCDDD1C5-53D3-4A3E-8ABF-31370EBA3D93}
		{75DBBF10-0DFC-434C-8A83-09A699EFBA92} = {4B541D65-29D2-4129-B4C2-28E88ED7BE6B}
		{A1D3BD59-7871-440D-83BF-49254AE936BB} = {260D9D88-AF55-4040-82C6-E255FE48DCAB}
	EndGlobalSection
	GlobalSection(ExtensibilityGlobals) = postSolution
		SolutionGuid = {7867A365-1201-4D11-B4EB-208D43CF4853}
	EndGlobalSection
EndGlobal
